
Microsoft Visual Studio Solution File, Format Version 12.00
# Visual Studio Version 17
VisualStudioVersion = 17.8.34330.188
MinimumVisualStudioVersion = 10.0.40219.1
Project("{FAE04EC0-301F-11D3-BF4B-00C04F79EFBC}") = "StringLibrary", "StringLibrary\StringLibrary.csproj", "{3EEC560F-42E5-422E-AE9A-25FD9DA2A06C}"
EndProject
Project("{FAE04EC0-301F-11D3-BF4B-00C04F79EFBC}") = "ShowCase", "ShowCase\ShowCase.csproj", "{D9D5740C-0254-4BAA-A6A5-686218EDFF49}"
EndProject
Global
	GlobalSection(SolutionConfigurationPlatforms) = preSolution
		Debug|Any CPU = Debug|Any CPU
		Release|Any CPU = Release|Any CPU
	EndGlobalSection
	GlobalSection(ProjectConfigurationPlatforms) = postSolution
		{3EEC560F-42E5-422E-AE9A-25FD9DA2A06C}.Debug|Any CPU.ActiveCfg = Debug|Any CPU
		{3EEC560F-42E5-422E-AE9A-25FD9DA2A06C}.Debug|Any CPU.Build.0 = Debug|Any CPU
		{3EEC560F-42E5-422E-AE9A-25FD9DA2A06C}.Release|Any CPU.ActiveCfg = Release|Any CPU
		{3EEC560F-42E5-422E-AE9A-25FD9DA2A06C}.Release|Any CPU.Build.0 = Release|Any CPU
		{D9D5740C-0254-4BAA-A6A5-686218EDFF49}.Debug|Any CPU.ActiveCfg = Debug|Any CPU
		{D9D5740C-0254-4BAA-A6A5-686218EDFF49}.Debug|Any CPU.Build.0 = Debug|Any CPU
		{D9D5740C-0254-4BAA-A6A5-686218EDFF49}.Release|Any CPU.ActiveCfg = Release|Any CPU
		{D9D5740C-0254-4BAA-A6A5-686218EDFF49}.Release|Any CPU.Build.0 = Release|Any CPU
	EndGlobalSection
	GlobalSection(SolutionProperties) = preSolution
		HideSolutionNode = FALSE
	EndGlobalSection
	GlobalSection(ExtensibilityGlobals) = postSolution
		SolutionGuid = {489BB442-5D69-4CFE-8E48-AD749F5D1395}
	EndGlobalSection
EndGlobal
